{
    "_readme": [
        "This file locks the dependencies of your project to a known state",
        "Read more about it at https://getcomposer.org/doc/01-basic-usage.md#installing-dependencies",
        "This file is @generated automatically"
    ],
    "content-hash": "1f86d03b69522f71b601bb92df9783c9",
    "packages": [
        {
            "name": "brezgalov/api-wrapper",
            "version": "v1.0.7",
            "source": {
                "type": "git",
                "url": "https://github.com/Brezgalov/api-wrapper.git",
                "reference": "81f7324272489db72d079a662f32439b87d24e2d"
            },
            "dist": {
                "type": "zip",
                "url": "https://api.github.com/repos/Brezgalov/api-wrapper/zipball/81f7324272489db72d079a662f32439b87d24e2d",
                "reference": "81f7324272489db72d079a662f32439b87d24e2d",
                "shasum": ""
            },
            "require": {
                "ext-curl": "*",
                "php": ">=5.4.0"
            },
            "type": "library",
            "autoload": {
                "psr-4": {
                    "Brezgalov\\ApiWrapper\\": "src/",
                    "Brezgalov\\ApiWrapper\\Decorators\\": "src/decorators"
                }
            },
            "notification-url": "https://packagist.org/downloads/",
            "license": [
                "MIT"
            ],
            "authors": [
                {
                    "name": "Oleg Brezgalov",
                    "email": "oleg.brezgalov@gmail.com"
                }
            ],
            "description": "Api client base classes",
            "time": "2019-05-31T08:42:39+00:00"
        },
        {
            "name": "brezgalov/i-point",
            "version": "v1.0.2",
            "source": {
                "type": "git",
                "url": "https://github.com/Brezgalov/i-point.git",
                "reference": "7151195a0855b4df69f40017f4152d3e8e7d2227"
            },
            "dist": {
                "type": "zip",
                "url": "https://api.github.com/repos/Brezgalov/i-point/zipball/7151195a0855b4df69f40017f4152d3e8e7d2227",
                "reference": "7151195a0855b4df69f40017f4152d3e8e7d2227",
                "shasum": ""
            },
            "require": {
                "php": ">=5.4.0"
            },
            "type": "library",
            "autoload": {
                "psr-4": {
                    "Brezgalov\\IPoint\\": "src/",
                    "Brezgalov\\IPoint\\Traits\\": "src/traits"
                }
            },
            "notification-url": "https://packagist.org/downloads/",
            "license": [
                "MIT"
            ],
            "authors": [
                {
                    "name": "Oleg Brezgalov",
                    "email": "oleg.brezgalov@gmail.com"
                }
            ],
            "description": "geo point interface",
            "time": "2019-04-04T07:39:58+00:00"
        }
    ],
    "packages-dev": [],
    "aliases": [],
    "minimum-stability": "stable",
    "stability-flags": [],
    "prefer-stable": false,
    "prefer-lowest": false,
    "platform": {
        "php": ">=5.4.0",
        "ext-curl": "*",
        "ext-json": "*"
    },
    "platform-dev": []
}
